Microsoft Visual Studio Solution File, Format Version 12.00
# Visual Studio Version 17
VisualStudioVersion = 17.5.2.0
MinimumVisualStudioVersion = 10.0.40219.1
Project("{FAE04EC0-301F-11D3-BF4B-00C04F79EFBC}") = "RAG_Qdrant", "RAG_Qdrant.csproj", "{8340060C-A4C0-AD49-9EB8-7D65070B5A9F}"
EndProject
Global
	GlobalSection(SolutionConfigurationPlatforms) = preSolution
		Debug|Any CPU = Debug|Any CPU
		Release|Any CPU = Release|Any CPU
	EndGlobalSection
	GlobalSection(ProjectConfigurationPlatforms) = postSolution
		{8340060C-A4C0-AD49-9EB8-7D65070B5A9F}.Debug|Any CPU.ActiveCfg = Debug|Any CPU
		{8340060C-A4C0-AD49-9EB8-7D65070B5A9F}.Debug|Any CPU.Build.0 = Debug|Any CPU
		{8340060C-A4C0-AD49-9EB8-7D65070B5A9F}.Release|Any CPU.ActiveCfg = Release|Any CPU
		{8340060C-A4C0-AD49-9EB8-7D65070B5A9F}.Release|Any CPU.Build.0 = Release|Any CPU
	EndGlobalSection
	GlobalSection(SolutionProperties) = preSolution
		HideSolutionNode = FALSE
	EndGlobalSection
	GlobalSection(ExtensibilityGlobals) = postSolution
		SolutionGuid = {DA530CCC-750A-42B8-88A5-A23D1B95E765}
	EndGlobalSection
EndGlobal
